
Microsoft Visual Studio Solution File, Format Version 12.00
# Visual Studio Version 17
VisualStudioVersion = 17.11.35312.102
MinimumVisualStudioVersion = 10.0.40219.1
Project("{2150E333-8FDC-42A3-9474-1A3956D46DE8}") = "Task0", "Task0", "{B9C4B31D-8692-485B-A1B1-A21D84ADB9F2}"
EndProject
Project("{2150E333-8FDC-42A3-9474-1A3956D46DE8}") = "Task1", "Task1", "{818E416F-9368-4D82-A54B-48C5279744E5}"
EndProject
Project("{2150E333-8FDC-42A3-9474-1A3956D46DE8}") = "Task2", "Task2", "{98F686C7-A383-41C6-8A9A-0C221D292F84}"
EndProject
Project("{2150E333-8FDC-42A3-9474-1A3956D46DE8}") = "Task3", "Task3", "{CA7BABBB-E6CA-4CAE-9D31-879A01C5A23B}"
EndProject
Project("{2150E333-8FDC-42A3-9474-1A3956D46DE8}") = "Task4", "Task4", "{A9F15798-C6F1-4461-BC22-424B92544A11}"
EndProject
Project("{2150E333-8FDC-42A3-9474-1A3956D46DE8}") = "Task5", "Task5", "{29BA7352-55B4-49D2-84AE-3205B00A66DF}"
EndProject
Project("{2150E333-8FDC-42A3-9474-1A3956D46DE8}") = "Task6", "Task6", "{E6A93E55-E931-49E4-A8BC-F0ECADB85E36}"
EndProject
Project("{2150E333-8FDC-42A3-9474-1A3956D46DE8}") = "Task7", "Task7", "{DE09C1E5-5370-4333-8EAB-3488BC715E7C}"
EndProject
Project("{FAE04EC0-301F-11D3-BF4B-00C04F79EFBC}") = "Tyuiu.AntonovNS.Sprint3.Task0.V14", "Tyuiu.AntonovNS.Sprint3.Task0.V14\Tyuiu.AntonovNS.Sprint3.Task0.V14.csproj", "{9E4E2F57-D5D2-4543-A81D-70CC812862D3}"
EndProject
Project("{FAE04EC0-301F-11D3-BF4B-00C04F79EFBC}") = "Tyuiu.AntonovNS.Sprint3.Task0.V14.Test", "Tyuiu.AntonovNS.Sprint3.Task0.V14.Test\Tyuiu.AntonovNS.Sprint3.Task0.V14.Test.csproj", "{60EE451C-34F1-4A74-96B9-0D955FF0ED51}"
EndProject
Project("{FAE04EC0-301F-11D3-BF4B-00C04F79EFBC}") = "Tyuiu.AntonovNS.Sprint3.Task0.V14.Lib", "Tyuiu.AntonovNS.Sprint3.Task0.V14.Lib\Tyuiu.AntonovNS.Sprint3.Task0.V14.Lib.csproj", "{1DC47AAF-91CE-4DAB-9DE0-543041167C46}"
EndProject
Project("{FAE04EC0-301F-11D3-BF4B-00C04F79EFBC}") = "Tyuiu.AntonovNS.Sprint3.Task1.V4", "Tyuiu.AntonovNS.Sprint3.Task1.V4\Tyuiu.AntonovNS.Sprint3.Task1.V4.csproj", "{25FBE154-ACE3-4ECB-AA69-8F23DE45639F}"
EndProject
Project("{FAE04EC0-301F-11D3-BF4B-00C04F79EFBC}") = "Tyuiu.AntonovNS.Sprint3.Task1.V4.Lib", "Tyuiu.AntonovNS.Sprint3.Task1.V4.Lib\Tyuiu.AntonovNS.Sprint3.Task1.V4.Lib.csproj", "{EFF2A998-E29E-427B-9A19-4A714A8F2105}"
EndProject
Project("{FAE04EC0-301F-11D3-BF4B-00C04F79EFBC}") = "Tyuiu.AntonovNS.Sprint3.Task1.V4.Test", "Tyuiu.AntonovNS.Sprint3.Task1.V4.Test\Tyuiu.AntonovNS.Sprint3.Task1.V4.Test.csproj", "{678D9F7E-E5F8-4FF9-846E-ADA51B57C209}"
EndProject
Project("{FAE04EC0-301F-11D3-BF4B-00C04F79EFBC}") = "Tyuiu.AntonovNS.Sprint3.Task2.V17", "Tyuiu.AntonovNS.Sprint3.Task2.V17\Tyuiu.AntonovNS.Sprint3.Task2.V17.csproj", "{2849BC58-E043-43C3-9540-A86DF03C6419}"
EndProject
Project("{FAE04EC0-301F-11D3-BF4B-00C04F79EFBC}") = "Tyuiu.AntonovNS.Sprint3.Task2.V17.Test", "Tyuiu.AntonovNS.Sprint3.Task2.V17.Test\Tyuiu.AntonovNS.Sprint3.Task2.V17.Test.csproj", "{768B8549-92C3-4BDC-9BBE-3AD278E216DA}"
EndProject
Project("{FAE04EC0-301F-11D3-BF4B-00C04F79EFBC}") = "Tyuiu.AntonovNS.Sprint3.Task2.V17.Lib", "Tyuiu.AntonovNS.Sprint3.Task2.V17.Lib\Tyuiu.AntonovNS.Sprint3.Task2.V17.Lib.csproj", "{4A1788B9-C592-4E11-B23A-7CF6C2BD6E02}"
EndProject
Project("{FAE04EC0-301F-11D3-BF4B-00C04F79EFBC}") = "Tyuiu.AntonovNS.Sprint3.Task3.V20", "Tyuiu.AntonovNS.Sprint3.Task3.V20\Tyuiu.AntonovNS.Sprint3.Task3.V20.csproj", "{4F2D30F8-40F1-4CFA-8523-CBDF04BC8DF8}"
EndProject
Project("{FAE04EC0-301F-11D3-BF4B-00C04F79EFBC}") = "Tyuiu.AntonovNS.Sprint3.Task3.V20.Lib", "Tyuiu.AntonovNS.Sprint3.Task3.V20.Lib\Tyuiu.AntonovNS.Sprint3.Task3.V20.Lib.csproj", "{F53B3C28-5DC5-4793-BB2A-EF672E984049}"
EndProject
Project("{FAE04EC0-301F-11D3-BF4B-00C04F79EFBC}") = "Tyuiu.AntonovNS.Sprint3.Task3.V20.Test", "Tyuiu.AntonovNS.Sprint3.Task3.V20.Test\Tyuiu.AntonovNS.Sprint3.Task3.V20.Test.csproj", "{61F34919-2679-4261-BCB4-447983EF55E5}"
EndProject
Project("{FAE04EC0-301F-11D3-BF4B-00C04F79EFBC}") = "Tyuiu.AntonovNS.Sprint3.Task4.V8", "Tyuiu.AntonovNS.Sprint3.Task4.V8\Tyuiu.AntonovNS.Sprint3.Task4.V8.csproj", "{F6B99D21-B5C3-4D36-A695-7D36A1579EB3}"
EndProject
Project("{FAE04EC0-301F-11D3-BF4B-00C04F79EFBC}") = "Tyuiu.AntonovNS.Sprint3.Task4.V8.Lib", "Tyuiu.AntonovNS.Sprint3.Task4.V8.Lib\Tyuiu.AntonovNS.Sprint3.Task4.V8.Lib.csproj", "{2C4F2786-420B-4080-899F-03512F45C17B}"
EndProject
Project("{FAE04EC0-301F-11D3-BF4B-00C04F79EFBC}") = "Tyuiu.AntonovNS.Sprint3.Task4.V8.Test", "Tyuiu.AntonovNS.Sprint3.Task4.V8.Test\Tyuiu.AntonovNS.Sprint3.Task4.V8.Test.csproj", "{8BBCA53D-A883-4530-B812-E47703145AE2}"
EndProject
Project("{FAE04EC0-301F-11D3-BF4B-00C04F79EFBC}") = "Tyuiu.AntonovNS.Sprint3.Task5.V16", "Tyuiu.AntonovNS.Sprint3.Task5.V16\Tyuiu.AntonovNS.Sprint3.Task5.V16.csproj", "{DFEBA3F5-2A54-478A-89C9-68CBAF5037A9}"
EndProject
Project("{FAE04EC0-301F-11D3-BF4B-00C04F79EFBC}") = "Tyuiu.AntonovNS.Sprint3.Task5.V16.Lib", "Tyuiu.AntonovNS.Sprint3.Task5.V16.Lib\Tyuiu.AntonovNS.Sprint3.Task5.V16.Lib.csproj", "{8D6E5A8A-42D5-4E54-89BD-D5B4E5A321FD}"
EndProject
Project("{FAE04EC0-301F-11D3-BF4B-00C04F79EFBC}") = "Tyuiu.AntonovNS.Sprint3.Task5.V16.Test", "Tyuiu.AntonovNS.Sprint3.Task5.V16.Test\Tyuiu.AntonovNS.Sprint3.Task5.V16.Test.csproj", "{8B550772-4527-4105-A047-BFD424C86B99}"
EndProject
Project("{FAE04EC0-301F-11D3-BF4B-00C04F79EFBC}") = "Tyuiu.AntonovNS.Sprint3.Task6.V18", "Tyuiu.AntonovNS.Sprint3.Task6.V18\Tyuiu.AntonovNS.Sprint3.Task6.V18.csproj", "{263985A1-424B-460E-9FC2-897AE9652A4C}"
EndProject
Project("{FAE04EC0-301F-11D3-BF4B-00C04F79EFBC}") = "Tyuiu.AntonovNS.Sprint3.Task6.V18.Lib", "Tyuiu.AntonovNS.Sprint3.Task6.V18.Lib\Tyuiu.AntonovNS.Sprint3.Task6.V18.Lib.csproj", "{01FC691A-240C-4D2D-B99E-40FA0E8350B2}"
EndProject
Project("{FAE04EC0-301F-11D3-BF4B-00C04F79EFBC}") = "Tyuiu.AntonovNS.Sprint3.Task6.V18.Test", "Tyuiu.AntonovNS.Sprint3.Task6.V18.Test\Tyuiu.AntonovNS.Sprint3.Task6.V18.Test.csproj", "{72A92C2C-3F7C-44C3-9431-86D793618071}"
EndProject
Global
	GlobalSection(SolutionConfigurationPlatforms) = preSolution
		Debug|Any CPU = Debug|Any CPU
		Release|Any CPU = Release|Any CPU
	EndGlobalSection
	GlobalSection(ProjectConfigurationPlatforms) = postSolution
		{9E4E2F57-D5D2-4543-A81D-70CC812862D3}.Debug|Any CPU.ActiveCfg = Debug|Any CPU
		{9E4E2F57-D5D2-4543-A81D-70CC812862D3}.Debug|Any CPU.Build.0 = Debug|Any CPU
		{9E4E2F57-D5D2-4543-A81D-70CC812862D3}.Release|Any CPU.ActiveCfg = Release|Any CPU
		{9E4E2F57-D5D2-4543-A81D-70CC812862D3}.Release|Any CPU.Build.0 = Release|Any CPU
		{60EE451C-34F1-4A74-96B9-0D955FF0ED51}.Debug|Any CPU.ActiveCfg = Debug|Any CPU
		{60EE451C-34F1-4A74-96B9-0D955FF0ED51}.Debug|Any CPU.Build.0 = Debug|Any CPU
		{60EE451C-34F1-4A74-96B9-0D955FF0ED51}.Release|Any CPU.ActiveCfg = Release|Any CPU
		{60EE451C-34F1-4A74-96B9-0D955FF0ED51}.Release|Any CPU.Build.0 = Release|Any CPU
		{1DC47AAF-91CE-4DAB-9DE0-543041167C46}.Debug|Any CPU.ActiveCfg = Debug|Any CPU
		{1DC47AAF-91CE-4DAB-9DE0-543041167C46}.Debug|Any CPU.Build.0 = Debug|Any CPU
		{1DC47AAF-91CE-4DAB-9DE0-543041167C46}.Release|Any CPU.ActiveCfg = Release|Any CPU
		{1DC47AAF-91CE-4DAB-9DE0-543041167C46}.Release|Any CPU.Build.0 = Release|Any CPU
		{25FBE154-ACE3-4ECB-AA69-8F23DE45639F}.Debug|Any CPU.ActiveCfg = Debug|Any CPU
		{25FBE154-ACE3-4ECB-AA69-8F23DE45639F}.Debug|Any CPU.Build.0 = Debug|Any CPU
		{25FBE154-ACE3-4ECB-AA69-8F23DE45639F}.Release|Any CPU.ActiveCfg = Release|Any CPU
		{25FBE154-ACE3-4ECB-AA69-8F23DE45639F}.Release|Any CPU.Build.0 = Release|Any CPU
		{EFF2A998-E29E-427B-9A19-4A714A8F2105}.Debug|Any CPU.ActiveCfg = Debug|Any CPU
		{EFF2A998-E29E-427B-9A19-4A714A8F2105}.Debug|Any CPU.Build.0 = Debug|Any CPU
		{EFF2A998-E29E-427B-9A19-4A714A8F2105}.Release|Any CPU.ActiveCfg = Release|Any CPU
		{EFF2A998-E29E-427B-9A19-4A714A8F2105}.Release|Any CPU.Build.0 = Release|Any CPU
		{678D9F7E-E5F8-4FF9-846E-ADA51B57C209}.Debug|Any CPU.ActiveCfg = Debug|Any CPU
		{678D9F7E-E5F8-4FF9-846E-ADA51B57C209}.Debug|Any CPU.Build.0 = Debug|Any CPU
		{678D9F7E-E5F8-4FF9-846E-ADA51B57C209}.Release|Any CPU.ActiveCfg = Release|Any CPU
		{678D9F7E-E5F8-4FF9-846E-ADA51B57C209}.Release|Any CPU.Build.0 = Release|Any CPU
		{2849BC58-E043-43C3-9540-A86DF03C6419}.Debug|Any CPU.ActiveCfg = Debug|Any CPU
		{2849BC58-E043-43C3-9540-A86DF03C6419}.Debug|Any CPU.Build.0 = Debug|Any CPU
		{2849BC58-E043-43C3-9540-A86DF03C6419}.Release|Any CPU.ActiveCfg = Release|Any CPU
		{2849BC58-E043-43C3-9540-A86DF03C6419}.Release|Any CPU.Build.0 = Release|Any CPU
		{768B8549-92C3-4BDC-9BBE-3AD278E216DA}.Debug|Any CPU.ActiveCfg = Debug|Any CPU
		{768B8549-92C3-4BDC-9BBE-3AD278E216DA}.Debug|Any CPU.Build.0 = Debug|Any CPU
		{768B8549-92C3-4BDC-9BBE-3AD278E216DA}.Release|Any CPU.ActiveCfg = Release|Any CPU
		{768B8549-92C3-4BDC-9BBE-3AD278E216DA}.Release|Any CPU.Build.0 = Release|Any CPU
		{4A1788B9-C592-4E11-B23A-7CF6C2BD6E02}.Debug|Any CPU.ActiveCfg = Debug|Any CPU
		{4A1788B9-C592-4E11-B23A-7CF6C2BD6E02}.Debug|Any CPU.Build.0 = Debug|Any CPU
		{4A1788B9-C592-4E11-B23A-7CF6C2BD6E02}.Release|Any CPU.ActiveCfg = Release|Any CPU
		{4A1788B9-C592-4E11-B23A-7CF6C2BD6E02}.Release|Any CPU.Build.0 = Release|Any CPU
		{4F2D30F8-40F1-4CFA-8523-CBDF04BC8DF8}.Debug|Any CPU.ActiveCfg = Debug|Any CPU
		{4F2D30F8-40F1-4CFA-8523-CBDF04BC8DF8}.Debug|Any CPU.Build.0 = Debug|Any CPU
		{4F2D30F8-40F1-4CFA-8523-CBDF04BC8DF8}.Release|Any CPU.ActiveCfg = Release|Any CPU
		{4F2D30F8-40F1-4CFA-8523-CBDF04BC8DF8}.Release|Any CPU.Build.0 = Release|Any CPU
		{F53B3C28-5DC5-4793-BB2A-EF672E984049}.Debug|Any CPU.ActiveCfg = Debug|Any CPU
		{F53B3C28-5DC5-4793-BB2A-EF672E984049}.Debug|Any CPU.Build.0 = Debug|Any CPU
		{F53B3C28-5DC5-4793-BB2A-EF672E984049}.Release|Any CPU.ActiveCfg = Release|Any CPU
		{F53B3C28-5DC5-4793-BB2A-EF672E984049}.Release|Any CPU.Build.0 = Release|Any CPU
		{61F34919-2679-4261-BCB4-447983EF55E5}.Debug|Any CPU.ActiveCfg = Debug|Any CPU
		{61F34919-2679-4261-BCB4-447983EF55E5}.Debug|Any CPU.Build.0 = Debug|Any CPU
		{61F34919-2679-4261-BCB4-447983EF55E5}.Release|Any CPU.ActiveCfg = Release|Any CPU
		{61F34919-2679-4261-BCB4-447983EF55E5}.Release|Any CPU.Build.0 = Release|Any CPU
		{F6B99D21-B5C3-4D36-A695-7D36A1579EB3}.Debug|Any CPU.ActiveCfg = Debug|Any CPU
		{F6B99D21-B5C3-4D36-A695-7D36A1579EB3}.Debug|Any CPU.Build.0 = Debug|Any CPU
		{F6B99D21-B5C3-4D36-A695-7D36A1579EB3}.Release|Any CPU.ActiveCfg = Release|Any CPU
		{F6B99D21-B5C3-4D36-A695-7D36A1579EB3}.Release|Any CPU.Build.0 = Release|Any CPU
		{2C4F2786-420B-4080-899F-03512F45C17B}.Debug|Any CPU.ActiveCfg = Debug|Any CPU
		{2C4F2786-420B-4080-899F-03512F45C17B}.Debug|Any CPU.Build.0 = Debug|Any CPU
		{2C4F2786-420B-4080-899F-03512F45C17B}.Release|Any CPU.ActiveCfg = Release|Any CPU
		{2C4F2786-420B-4080-899F-03512F45C17B}.Release|Any CPU.Build.0 = Release|Any CPU
		{8BBCA53D-A883-4530-B812-E47703145AE2}.Debug|Any CPU.ActiveCfg = Debug|Any CPU
		{8BBCA53D-A883-4530-B812-E47703145AE2}.Debug|Any CPU.Build.0 = Debug|Any CPU
		{8BBCA53D-A883-4530-B812-E47703145AE2}.Release|Any CPU.ActiveCfg = Release|Any CPU
		{8BBCA53D-A883-4530-B812-E47703145AE2}.Release|Any CPU.Build.0 = Release|Any CPU
		{DFEBA3F5-2A54-478A-89C9-68CBAF5037A9}.Debug|Any CPU.ActiveCfg = Debug|Any CPU
		{DFEBA3F5-2A54-478A-89C9-68CBAF5037A9}.Debug|Any CPU.Build.0 = Debug|Any CPU
		{DFEBA3F5-2A54-478A-89C9-68CBAF5037A9}.Release|Any CPU.ActiveCfg = Release|Any CPU
		{DFEBA3F5-2A54-478A-89C9-68CBAF5037A9}.Release|Any CPU.Build.0 = Release|Any CPU
		{8D6E5A8A-42D5-4E54-89BD-D5B4E5A321FD}.Debug|Any CPU.ActiveCfg = Debug|Any CPU
		{8D6E5A8A-42D5-4E54-89BD-D5B4E5A321FD}.Debug|Any CPU.Build.0 = Debug|Any CPU
		{8D6E5A8A-42D5-4E54-89BD-D5B4E5A321FD}.Release|Any CPU.ActiveCfg = Release|Any CPU
		{8D6E5A8A-42D5-4E54-89BD-D5B4E5A321FD}.Release|Any CPU.Build.0 = Release|Any CPU
		{8B550772-4527-4105-A047-BFD424C86B99}.Debug|Any CPU.ActiveCfg = Debug|Any CPU
		{8B550772-4527-4105-A047-BFD424C86B99}.Debug|Any CPU.Build.0 = Debug|Any CPU
		{8B550772-4527-4105-A047-BFD424C86B99}.Release|Any CPU.ActiveCfg = Release|Any CPU
		{8B550772-4527-4105-A047-BFD424C86B99}.Release|Any CPU.Build.0 = Release|Any CPU
		{263985A1-424B-460E-9FC2-897AE9652A4C}.Debug|Any CPU.ActiveCfg = Debug|Any CPU
		{263985A1-424B-460E-9FC2-897AE9652A4C}.Debug|Any CPU.Build.0 = Debug|Any CPU
		{263985A1-424B-460E-9FC2-897AE9652A4C}.Release|Any CPU.ActiveCfg = Release|Any CPU
		{263985A1-424B-460E-9FC2-897AE9652A4C}.Release|Any CPU.Build.0 = Release|Any CPU
		{01FC691A-240C-4D2D-B99E-40FA0E8350B2}.Debug|Any CPU.ActiveCfg = Debug|Any CPU
		{01FC691A-240C-4D2D-B99E-40FA0E8350B2}.Debug|Any CPU.Build.0 = Debug|Any CPU
		{01FC691A-240C-4D2D-B99E-40FA0E8350B2}.Release|Any CPU.ActiveCfg = Release|Any CPU
		{01FC691A-240C-4D2D-B99E-40FA0E8350B2}.Release|Any CPU.Build.0 = Release|Any CPU
		{72A92C2C-3F7C-44C3-9431-86D793618071}.Debug|Any CPU.ActiveCfg = Debug|Any CPU
		{72A92C2C-3F7C-44C3-9431-86D793618071}.Debug|Any CPU.Build.0 = Debug|Any CPU
		{72A92C2C-3F7C-44C3-9431-86D793618071}.Release|Any CPU.ActiveCfg = Release|Any CPU
		{72A92C2C-3F7C-44C3-9431-86D793618071}.Release|Any CPU.Build.0 = Release|Any CPU
	EndGlobalSection
	GlobalSection(SolutionProperties) = preSolution
		HideSolutionNode = FALSE
	EndGlobalSection
	GlobalSection(NestedProjects) = preSolution
		{9E4E2F57-D5D2-4543-A81D-70CC812862D3} = {B9C4B31D-8692-485B-A1B1-A21D84ADB9F2}
		{60EE451C-34F1-4A74-96B9-0D955FF0ED51} = {B9C4B31D-8692-485B-A1B1-A21D84ADB9F2}
		{1DC47AAF-91CE-4DAB-9DE0-543041167C46} = {B9C4B31D-8692-485B-A1B1-A21D84ADB9F2}
		{25FBE154-ACE3-4ECB-AA69-8F23DE45639F} = {818E416F-9368-4D82-A54B-48C5279744E5}
		{EFF2A998-E29E-427B-9A19-4A714A8F2105} = {818E416F-9368-4D82-A54B-48C5279744E5}
		{678D9F7E-E5F8-4FF9-846E-ADA51B57C209} = {818E416F-9368-4D82-A54B-48C5279744E5}
		{2849BC58-E043-43C3-9540-A86DF03C6419} = {98F686C7-A383-41C6-8A9A-0C221D292F84}
		{768B8549-92C3-4BDC-9BBE-3AD278E216DA} = {98F686C7-A383-41C6-8A9A-0C221D292F84}
		{4A1788B9-C592-4E11-B23A-7CF6C2BD6E02} = {98F686C7-A383-41C6-8A9A-0C221D292F84}
		{4F2D30F8-40F1-4CFA-8523-CBDF04BC8DF8} = {CA7BABBB-E6CA-4CAE-9D31-879A01C5A23B}
		{F53B3C28-5DC5-4793-BB2A-EF672E984049} = {CA7BABBB-E6CA-4CAE-9D31-879A01C5A23B}
		{61F34919-2679-4261-BCB4-447983EF55E5} = {CA7BABBB-E6CA-4CAE-9D31-879A01C5A23B}
		{F6B99D21-B5C3-4D36-A695-7D36A1579EB3} = {A9F15798-C6F1-4461-BC22-424B92544A11}
		{2C4F2786-420B-4080-899F-03512F45C17B} = {A9F15798-C6F1-4461-BC22-424B92544A11}
		{8BBCA53D-A883-4530-B812-E47703145AE2} = {A9F15798-C6F1-4461-BC22-424B92544A11}
		{DFEBA3F5-2A54-478A-89C9-68CBAF5037A9} = {29BA7352-55B4-49D2-84AE-3205B00A66DF}
		{8D6E5A8A-42D5-4E54-89BD-D5B4E5A321FD} = {29BA7352-55B4-49D2-84AE-3205B00A66DF}
		{8B550772-4527-4105-A047-BFD424C86B99} = {29BA7352-55B4-49D2-84AE-3205B00A66DF}
		{263985A1-424B-460E-9FC2-897AE9652A4C} = {E6A93E55-E931-49E4-A8BC-F0ECADB85E36}
		{01FC691A-240C-4D2D-B99E-40FA0E8350B2} = {E6A93E55-E931-49E4-A8BC-F0ECADB85E36}
		{72A92C2C-3F7C-44C3-9431-86D793618071} = {E6A93E55-E931-49E4-A8BC-F0ECADB85E36}
	EndGlobalSection
	GlobalSection(ExtensibilityGlobals) = postSolution
		SolutionGuid = {9C97E28D-86B8-4849-9BF3-DB9F86237DB3}
	EndGlobalSection
EndGlobal
